
Microsoft Visual Studio Solution File, Format Version 12.00
# Visual Studio Version 17
VisualStudioVersion = 17.5.002.0
MinimumVisualStudioVersion = 10.0.40219.1
Project("{9A19103F-16F7-4668-BE54-9A1E7A4F7556}") = "CodePills-Blazor-CRMEmpleados", "CodePills-Blazor-CRMEmpleados.csproj", "{145901DC-6E61-4157-8C3F-6BA6165AFC2A}"
EndProject
Global
	GlobalSection(SolutionConfigurationPlatforms) = preSolution
		Debug|Any CPU = Debug|Any CPU
		Release|Any CPU = Release|Any CPU
	EndGlobalSection
	GlobalSection(ProjectConfigurationPlatforms) = postSolution
		{145901DC-6E61-4157-8C3F-6BA6165AFC2A}.Debug|Any CPU.ActiveCfg = Debug|Any CPU
		{145901DC-6E61-4157-8C3F-6BA6165AFC2A}.Debug|Any CPU.Build.0 = Debug|Any CPU
		{145901DC-6E61-4157-8C3F-6BA6165AFC2A}.Release|Any CPU.ActiveCfg = Release|Any CPU
		{145901DC-6E61-4157-8C3F-6BA6165AFC2A}.Release|Any CPU.Build.0 = Release|Any CPU
	EndGlobalSection
	GlobalSection(SolutionProperties) = preSolution
		HideSolutionNode = FALSE
	EndGlobalSection
	GlobalSection(ExtensibilityGlobals) = postSolution
		SolutionGuid = {4D36A118-C555-4D29-8CAF-EA853E97E12F}
	EndGlobalSection
EndGlobal
